
Microsoft Visual Studio Solution File, Format Version 12.00
# Visual Studio Version 16
VisualStudioVersion = 16.0.30002.166
MinimumVisualStudioVersion = 10.0.40219.1
Project("{FAE04EC0-301F-11D3-BF4B-00C04F79EFBC}") = "OnlineEduWebApp", "OnlineEduWebApp\OnlineEduWebApp.csproj", "{6FC85123-ED52-49F0-AD80-BAAFFCEA6793}"
EndProject
Global
	GlobalSection(SolutionConfigurationPlatforms) = preSolution
		Debug|Any CPU = Debug|Any CPU
		Release|Any CPU = Release|Any CPU
	EndGlobalSection
	GlobalSection(ProjectConfigurationPlatforms) = postSolution
		{6FC85123-ED52-49F0-AD80-BAAFFCEA6793}.Debug|Any CPU.ActiveCfg = Debug|Any CPU
		{6FC85123-ED52-49F0-AD80-BAAFFCEA6793}.Debug|Any CPU.Build.0 = Debug|Any CPU
		{6FC85123-ED52-49F0-AD80-BAAFFCEA6793}.Release|Any CPU.ActiveCfg = Release|Any CPU
		{6FC85123-ED52-49F0-AD80-BAAFFCEA6793}.Release|Any CPU.Build.0 = Release|Any CPU
	EndGlobalSection
	GlobalSection(SolutionProperties) = preSolution
		HideSolutionNode = FALSE
	EndGlobalSection
	GlobalSection(ExtensibilityGlobals) = postSolution
		SolutionGuid = {2E8DCC01-5199-4284-85D7-B845ACD20754}
	EndGlobalSection
EndGlobal
